
Microsoft Visual Studio Solution File, Format Version 12.00
# Visual Studio Version 17
VisualStudioVersion = 17.12.35309.182
MinimumVisualStudioVersion = 10.0.40219.1
Project("{FAE04EC0-301F-11D3-BF4B-00C04F79EFBC}") = "ExpediFlow", "ExpediFlow.csproj", "{26FF7481-E6F0-4A9B-9468-4A46E6AAFD01}"
EndProject
Global
	GlobalSection(SolutionConfigurationPlatforms) = preSolution
		Debug|Any CPU = Debug|Any CPU
		Release|Any CPU = Release|Any CPU
	EndGlobalSection
	GlobalSection(ProjectConfigurationPlatforms) = postSolution
		{26FF7481-E6F0-4A9B-9468-4A46E6AAFD01}.Debug|Any CPU.ActiveCfg = Debug|Any CPU
		{26FF7481-E6F0-4A9B-9468-4A46E6AAFD01}.Debug|Any CPU.Build.0 = Debug|Any CPU
		{26FF7481-E6F0-4A9B-9468-4A46E6AAFD01}.Release|Any CPU.ActiveCfg = Release|Any CPU
		{26FF7481-E6F0-4A9B-9468-4A46E6AAFD01}.Release|Any CPU.Build.0 = Release|Any CPU
	EndGlobalSection
	GlobalSection(SolutionProperties) = preSolution
		HideSolutionNode = FALSE
	EndGlobalSection
	GlobalSection(ExtensibilityGlobals) = postSolution
		SolutionGuid = {1A04E546-DD97-43B6-8CAD-E6E708F2D7BC}
	EndGlobalSection
EndGlobal
